
Microsoft Visual Studio Solution File, Format Version 12.00
# Visual Studio Version 16
VisualStudioVersion = 16.0.31019.35
MinimumVisualStudioVersion = 10.0.40219.1
Project("{FAE04EC0-301F-11D3-BF4B-00C04F79EFBC}") = "BMap.Web", "BMap.Web.csproj", "{4E32BCE1-7E4B-401C-B2AF-7D65E3ACC786}"
EndProject
Global
	GlobalSection(SolutionConfigurationPlatforms) = preSolution
		Debug|Any CPU = Debug|Any CPU
		Release|Any CPU = Release|Any CPU
	EndGlobalSection
	GlobalSection(ProjectConfigurationPlatforms) = postSolution
		{4E32BCE1-7E4B-401C-B2AF-7D65E3ACC786}.Debug|Any CPU.ActiveCfg = Debug|Any CPU
		{4E32BCE1-7E4B-401C-B2AF-7D65E3ACC786}.Debug|Any CPU.Build.0 = Debug|Any CPU
		{4E32BCE1-7E4B-401C-B2AF-7D65E3ACC786}.Release|Any CPU.ActiveCfg = Release|Any CPU
		{4E32BCE1-7E4B-401C-B2AF-7D65E3ACC786}.Release|Any CPU.Build.0 = Release|Any CPU
	EndGlobalSection
	GlobalSection(SolutionProperties) = preSolution
		HideSolutionNode = FALSE
	EndGlobalSection
	GlobalSection(ExtensibilityGlobals) = postSolution
		SolutionGuid = {4AFDC6DC-985D-41B1-BE0E-5A10AB4459C8}
	EndGlobalSection
EndGlobal
